
Microsoft Visual Studio Solution File, Format Version 12.00
# Visual Studio Version 17
VisualStudioVersion = 17.11.35219.272
MinimumVisualStudioVersion = 10.0.40219.1
Project("{9A19103F-16F7-4668-BE54-9A1E7A4F7556}") = "CL.WebApi", "CL.WebApi\CL.WebApi.csproj", "{FAD0AEFB-117F-4882-B28C-18D8EA6FBC34}"
EndProject
Project("{2150E333-8FDC-42A3-9474-1A3956D46DE8}") = "01.CL.WebApi", "01.CL.WebApi", "{6BC7AC85-A335-4C19-86BB-7ED023EFD571}"
EndProject
Project("{2150E333-8FDC-42A3-9474-1A3956D46DE8}") = "02.CL.Manager", "02.CL.Manager", "{9FBA01F8-75BC-4F95-B2C5-6A0A4AA6ED9F}"
EndProject
Project("{2150E333-8FDC-42A3-9474-1A3956D46DE8}") = "03.CL.Data", "03.CL.Data", "{297873BA-55A6-470B-A357-6717CE74C33A}"
EndProject
Project("{2150E333-8FDC-42A3-9474-1A3956D46DE8}") = "04.CL.Core", "04.CL.Core", "{D1DFA110-FCE9-4DCD-A5FF-24EF1604EA84}"
EndProject
Project("{2150E333-8FDC-42A3-9474-1A3956D46DE8}") = "05.CL.Tests", "05.CL.Tests", "{0748CD6A-CBE4-4C84-986B-DB00241150CA}"
EndProject
Project("{9A19103F-16F7-4668-BE54-9A1E7A4F7556}") = "CL.Manager", "CL.Manager\CL.Manager.csproj", "{7424E977-F468-4F6A-A811-54513CDE29A4}"
EndProject
Project("{9A19103F-16F7-4668-BE54-9A1E7A4F7556}") = "CL.Data", "CL.Data\CL.Data.csproj", "{747E718D-86EA-4C8B-9754-B23E32F86FD2}"
EndProject
Project("{9A19103F-16F7-4668-BE54-9A1E7A4F7556}") = "CL.Core", "CL.Core\CL.Core.csproj", "{3F67E4DD-F9BA-4AAE-931F-7F60061CE774}"
EndProject
Project("{9A19103F-16F7-4668-BE54-9A1E7A4F7556}") = "CL.Tests", "CL.Tests\CL.Tests.csproj", "{D3F911EE-699A-42CA-8B77-C737C9F0F1F8}"
EndProject
Project("{FAE04EC0-301F-11D3-BF4B-00C04F79EFBC}") = "CL.Core.Shared", "CL.Core.Shared\CL.Core.Shared.csproj", "{D3AF1625-5606-4E32-90A7-836E7928D25A}"
EndProject
Global
	GlobalSection(SolutionConfigurationPlatforms) = preSolution
		Debug|Any CPU = Debug|Any CPU
		Release|Any CPU = Release|Any CPU
	EndGlobalSection
	GlobalSection(ProjectConfigurationPlatforms) = postSolution
		{FAD0AEFB-117F-4882-B28C-18D8EA6FBC34}.Debug|Any CPU.ActiveCfg = Debug|Any CPU
		{FAD0AEFB-117F-4882-B28C-18D8EA6FBC34}.Debug|Any CPU.Build.0 = Debug|Any CPU
		{FAD0AEFB-117F-4882-B28C-18D8EA6FBC34}.Release|Any CPU.ActiveCfg = Release|Any CPU
		{FAD0AEFB-117F-4882-B28C-18D8EA6FBC34}.Release|Any CPU.Build.0 = Release|Any CPU
		{7424E977-F468-4F6A-A811-54513CDE29A4}.Debug|Any CPU.ActiveCfg = Debug|Any CPU
		{7424E977-F468-4F6A-A811-54513CDE29A4}.Debug|Any CPU.Build.0 = Debug|Any CPU
		{7424E977-F468-4F6A-A811-54513CDE29A4}.Release|Any CPU.ActiveCfg = Release|Any CPU
		{7424E977-F468-4F6A-A811-54513CDE29A4}.Release|Any CPU.Build.0 = Release|Any CPU
		{747E718D-86EA-4C8B-9754-B23E32F86FD2}.Debug|Any CPU.ActiveCfg = Debug|Any CPU
		{747E718D-86EA-4C8B-9754-B23E32F86FD2}.Debug|Any CPU.Build.0 = Debug|Any CPU
		{747E718D-86EA-4C8B-9754-B23E32F86FD2}.Release|Any CPU.ActiveCfg = Release|Any CPU
		{747E718D-86EA-4C8B-9754-B23E32F86FD2}.Release|Any CPU.Build.0 = Release|Any CPU
		{3F67E4DD-F9BA-4AAE-931F-7F60061CE774}.Debug|Any CPU.ActiveCfg = Debug|Any CPU
		{3F67E4DD-F9BA-4AAE-931F-7F60061CE774}.Debug|Any CPU.Build.0 = Debug|Any CPU
		{3F67E4DD-F9BA-4AAE-931F-7F60061CE774}.Release|Any CPU.ActiveCfg = Release|Any CPU
		{3F67E4DD-F9BA-4AAE-931F-7F60061CE774}.Release|Any CPU.Build.0 = Release|Any CPU
		{D3F911EE-699A-42CA-8B77-C737C9F0F1F8}.Debug|Any CPU.ActiveCfg = Debug|Any CPU
		{D3F911EE-699A-42CA-8B77-C737C9F0F1F8}.Debug|Any CPU.Build.0 = Debug|Any CPU
		{D3F911EE-699A-42CA-8B77-C737C9F0F1F8}.Release|Any CPU.ActiveCfg = Release|Any CPU
		{D3F911EE-699A-42CA-8B77-C737C9F0F1F8}.Release|Any CPU.Build.0 = Release|Any CPU
		{D3AF1625-5606-4E32-90A7-836E7928D25A}.Debug|Any CPU.ActiveCfg = Debug|Any CPU
		{D3AF1625-5606-4E32-90A7-836E7928D25A}.Debug|Any CPU.Build.0 = Debug|Any CPU
		{D3AF1625-5606-4E32-90A7-836E7928D25A}.Release|Any CPU.ActiveCfg = Release|Any CPU
		{D3AF1625-5606-4E32-90A7-836E7928D25A}.Release|Any CPU.Build.0 = Release|Any CPU
	EndGlobalSection
	GlobalSection(SolutionProperties) = preSolution
		HideSolutionNode = FALSE
	EndGlobalSection
	GlobalSection(NestedProjects) = preSolution
		{FAD0AEFB-117F-4882-B28C-18D8EA6FBC34} = {6BC7AC85-A335-4C19-86BB-7ED023EFD571}
		{7424E977-F468-4F6A-A811-54513CDE29A4} = {9FBA01F8-75BC-4F95-B2C5-6A0A4AA6ED9F}
		{747E718D-86EA-4C8B-9754-B23E32F86FD2} = {297873BA-55A6-470B-A357-6717CE74C33A}
		{3F67E4DD-F9BA-4AAE-931F-7F60061CE774} = {D1DFA110-FCE9-4DCD-A5FF-24EF1604EA84}
		{D3F911EE-699A-42CA-8B77-C737C9F0F1F8} = {0748CD6A-CBE4-4C84-986B-DB00241150CA}
		{D3AF1625-5606-4E32-90A7-836E7928D25A} = {D1DFA110-FCE9-4DCD-A5FF-24EF1604EA84}
	EndGlobalSection
	GlobalSection(ExtensibilityGlobals) = postSolution
		SolutionGuid = {9CCFF7C0-930E-428E-AF1E-2944FD309855}
	EndGlobalSection
EndGlobal
